
Microsoft Visual Studio Solution File, Format Version 12.00
# Visual Studio Version 17
VisualStudioVersion = 17.14.36401.2 d17.14
MinimumVisualStudioVersion = 10.0.40219.1
Project("{FAE04EC0-301F-11D3-BF4B-00C04F79EFBC}") = "DataverseFunctionsAsCustomAPIs", "DataverseFunctionsAsCustomAPIs\DataverseFunctionsAsCustomAPIs.csproj", "{CE32E174-0C90-47A4-A152-D57B96067973}"
EndProject
Global
	GlobalSection(SolutionConfigurationPlatforms) = preSolution
		Debug|Any CPU = Debug|Any CPU
		Release|Any CPU = Release|Any CPU
	EndGlobalSection
	GlobalSection(ProjectConfigurationPlatforms) = postSolution
		{CE32E174-0C90-47A4-A152-D57B96067973}.Debug|Any CPU.ActiveCfg = Debug|Any CPU
		{CE32E174-0C90-47A4-A152-D57B96067973}.Debug|Any CPU.Build.0 = Debug|Any CPU
		{CE32E174-0C90-47A4-A152-D57B96067973}.Release|Any CPU.ActiveCfg = Release|Any CPU
		{CE32E174-0C90-47A4-A152-D57B96067973}.Release|Any CPU.Build.0 = Release|Any CPU
	EndGlobalSection
	GlobalSection(SolutionProperties) = preSolution
		HideSolutionNode = FALSE
	EndGlobalSection
	GlobalSection(ExtensibilityGlobals) = postSolution
		SolutionGuid = {C4EFECB1-0D97-4AAF-80C6-8F638CA26EC5}
	EndGlobalSection
EndGlobal
